<?xml version="1.0" encoding="utf-8"?>
<Project ToolsVersion="4.0" xmlns="http://schemas.microsoft.com/developer/msbuild/2003">
  <ItemGroup>
    <Filter Include="Source Files">
      <UniqueIdentifier>{4FC737F1-C7A5-4376-A066-2A32D752A2FF}</UniqueIdentifier>
      <Extensions>cpp;c;cc;cxx;c++;cppm;ixx;def;odl;idl;hpj;bat;asm;asmx</Extensions>
    </Filter>
    <Filter Include="Header Files">
      <UniqueIdentifier>{93995380-89BD-4b04-88EB-625FBE52EBFB}</UniqueIdentifier>
      <Extensions>h;hh;hpp;hxx;h++;hm;inl;inc;ipp;xsd</Extensions>
    </Filter>
    <Filter Include="Resource Files">
      <UniqueIdentifier>{67DA6AB6-F800-4c08-8B7A-83BB121AAD01}</UniqueIdentifier>
      <Extensions>rc;ico;cur;bmp;dlg;rc2;rct;bin;rgs;gif;jpg;jpeg;jpe;resx;tiff;tif;png;wav;mfcribbon-ms</Extensions>
    </Filter>
  </ItemGroup>
  <ItemGroup>
    <ClCompile Include="fol.cpp">
      <Filter>Source Files</Filter>
    </ClCompile>
    <ClCompile Include="fol_mr.cpp">
      <Filter>Source Files</Filter>
    </ClCompile>
    <ClCompile Include="Fol_v3.cpp">
      <Filter>Source Files</Filter>
    </ClCompile>
    <ClCompile Include="FOL_v4.cpp">
      <Filter>Source Files</Filter>
    </ClCompile>
  </ItemGroup>
  <ItemGroup>
    <Text Include="input.txt">
      <Filter>Source Files</Filter>
    </Text>
    <Text Include="input2.txt">
      <Filter>Source Files</Filter>
    </Text>
    <Text Include="input3.txt">
      <Filter>Source Files</Filter>
    </Text>
    <Text Include="input4.txt">
      <Filter>Source Files</Filter>
    </Text>
    <Text Include="input5.txt">
      <Filter>Source Files</Filter>
    </Text>
    <Text Include="input6.txt">
      <Filter>Source Files</Filter>
    </Text>
    <Text Include="input7.txt">
      <Filter>Source Files</Filter>
    </Text>
    <Text Include="input8.txt">
      <Filter>Source Files</Filter>
    </Text>
    <Text Include="input9.txt">
      <Filter>Source Files</Filter>
    </Text>
    <Text Include="input10.txt">
      <Filter>Source Files</Filter>
    </Text>
    <Text Include="input11.txt">
      <Filter>Source Files</Filter>
    </Text>
    <Text Include="input12.txt">
      <Filter>Source Files</Filter>
    </Text>
    <Text Include="input13.txt">
      <Filter>Source Files</Filter>
    </Text>
    <Text Include="input14.txt">
      <Filter>Source Files</Filter>
    </Text>
    <Text Include="input15.txt">
      <Filter>Source Files</Filter>
    </Text>
    <Text Include="input16.txt">
      <Filter>Source Files</Filter>
    </Text>
    <Text Include="input17.txt">
      <Filter>Source Files</Filter>
    </Text>
    <Text Include="input18.txt">
      <Filter>Source Files</Filter>
    </Text>
    <Text Include="input19.txt">
      <Filter>Source Files</Filter>
    </Text>
    <Text Include="input20.txt">
      <Filter>Source Files</Filter>
    </Text>
  </ItemGroup>
</Project>